{
  "name": "forge-starter",
  "version": "1.0.0",
  "lockfileVersion": 3,
  "requires": true,
  "packages": {
    "": {
      "name": "forge-starter",
      "version": "1.0.0",
      "license": "MIT",
      "dependencies": {
        "@thirdweb-dev/contracts": "^3"
      }
    },
    "node_modules/@thirdweb-dev/contracts": {
      "version": "3.5.4",
      "resolved": "https://registry.npmjs.org/@thirdweb-dev/contracts/-/contracts-3.5.4.tgz",
      "integrity": "sha512-gQ5ir+vSSDA5fwSp/aPrv2QyHNXZi//E0deW5aPNp4KPXKgP+4lQg0Vy+z5965z/GIKQECTcyleW1h1fA0izfA=="
    }
  }
}
