{
  "name": "forge-starter",
  "version": "1.0.0",
  "lockfileVersion": 2,
  "requires": true,
  "packages": {
    "": {
      "name": "forge-starter",
      "version": "1.0.0",
      "license": "MIT",
      "dependencies": {
        "@thirdweb-dev/contracts": "^3"
      }
    },
    "node_modules/@thirdweb-dev/contracts": {
      "version": "3.4.5",
      "resolved": "https://registry.npmjs.org/@thirdweb-dev/contracts/-/contracts-3.4.5.tgz",
      "integrity": "sha512-HHiNBXlctfJOF0lRMHYuJP1dYczkoCua8Wqf/FkORISytaF4LYWkKdhIirwy8QWG2MNvzOyRwSekWf2y1diPsw=="
    }
  },
  "dependencies": {
    "@thirdweb-dev/contracts": {
      "version": "3.4.5",
      "resolved": "https://registry.npmjs.org/@thirdweb-dev/contracts/-/contracts-3.4.5.tgz",
      "integrity": "sha512-HHiNBXlctfJOF0lRMHYuJP1dYczkoCua8Wqf/FkORISytaF4LYWkKdhIirwy8QWG2MNvzOyRwSekWf2y1diPsw=="
    }
  }
}
